{
  "name": "@euriklis/statistics",
  "version": "1.0.0",
  "lockfileVersion": 1,
  "requires": true,
  "dependencies": {
    "@euriklis/message": {
      "version": "1.1.1",
      "resolved": "https://registry.npmjs.org/@euriklis/message/-/message-1.1.1.tgz",
      "integrity": "sha512-pZjN22lbRVR+tbienTjlkztmOzBx1rtPN1a37K7HSOdvZU6cLW0YQgepBWILh3fvyBEYFF2rMU+BH79qxb8FRA=="
    },
    "@euriklis/validator": {
      "version": "1.0.2",
      "resolved": "https://registry.npmjs.org/@euriklis/validator/-/validator-1.0.2.tgz",
      "integrity": "sha512-fYwAZ5mcgs2ppv6BSmwJsVl+SmVc2EKbWMylXRiI2Gb0rlS0KlzTD0d9fSc4sOugPe8gCN+tUxXyq+GIkT2W7w=="
    }
  }
}
